
Microsoft Visual Studio Solution File, Format Version 12.00
# Visual Studio 15
VisualStudioVersion = 15.0.28307.960
MinimumVisualStudioVersion = 10.0.40219.1
Project("{FAE04EC0-301F-11D3-BF4B-00C04F79EFBC}") = "KafeKod", "KafeKod\KafeKod.csproj", "{B1240275-367E-4FF5-AF30-FFFFEAF7E219}"
EndProject
Project("{FAE04EC0-301F-11D3-BF4B-00C04F79EFBC}") = "KafeKod.Data", "KafeKod.Data\KafeKod.Data.csproj", "{2691E4A6-6423-4D22-895A-6A19B5B726F1}"
EndProject
Global
	GlobalSection(SolutionConfigurationPlatforms) = preSolution
		Debug|Any CPU = Debug|Any CPU
		Release|Any CPU = Release|Any CPU
	EndGlobalSection
	GlobalSection(ProjectConfigurationPlatforms) = postSolution
		{B1240275-367E-4FF5-AF30-FFFFEAF7E219}.Debug|Any CPU.ActiveCfg = Debug|Any CPU
		{B1240275-367E-4FF5-AF30-FFFFEAF7E219}.Debug|Any CPU.Build.0 = Debug|Any CPU
		{B1240275-367E-4FF5-AF30-FFFFEAF7E219}.Release|Any CPU.ActiveCfg = Release|Any CPU
		{B1240275-367E-4FF5-AF30-FFFFEAF7E219}.Release|Any CPU.Build.0 = Release|Any CPU
		{2691E4A6-6423-4D22-895A-6A19B5B726F1}.Debug|Any CPU.ActiveCfg = Debug|Any CPU
		{2691E4A6-6423-4D22-895A-6A19B5B726F1}.Debug|Any CPU.Build.0 = Debug|Any CPU
		{2691E4A6-6423-4D22-895A-6A19B5B726F1}.Release|Any CPU.ActiveCfg = Release|Any CPU
		{2691E4A6-6423-4D22-895A-6A19B5B726F1}.Release|Any CPU.Build.0 = Release|Any CPU
	EndGlobalSection
	GlobalSection(SolutionProperties) = preSolution
		HideSolutionNode = FALSE
	EndGlobalSection
	GlobalSection(ExtensibilityGlobals) = postSolution
		SolutionGuid = {475D6686-99FA-4A41-93E9-38455BE08CB5}
	EndGlobalSection
EndGlobal
